
Microsoft Visual Studio Solution File, Format Version 12.00
# Visual Studio 15
Project("{FAE04EC0-301F-11D3-BF4B-00C04F79EFBC}") = "Assembly-CSharp", "Assembly-CSharp.csproj", "{7FC5B350-2E2A-6C6D-CA72-8672B35C7BAB}"
EndProject
Project("{FAE04EC0-301F-11D3-BF4B-00C04F79EFBC}") = "Assembly-CSharp-Editor", "Assembly-CSharp-Editor.csproj", "{01FCF71F-5FE5-EC60-D7C2-E44C8E602B20}"
EndProject
Global
	GlobalSection(SolutionConfigurationPlatforms) = preSolution
		Debug|Any CPU = Debug|Any CPU
		Release|Any CPU = Release|Any CPU
	EndGlobalSection
	GlobalSection(ProjectConfigurationPlatforms) = postSolution
		{7FC5B350-2E2A-6C6D-CA72-8672B35C7BAB}.Debug|Any CPU.ActiveCfg = Debug|Any CPU
		{7FC5B350-2E2A-6C6D-CA72-8672B35C7BAB}.Debug|Any CPU.Build.0 = Debug|Any CPU
		{7FC5B350-2E2A-6C6D-CA72-8672B35C7BAB}.Release|Any CPU.ActiveCfg = Release|Any CPU
		{7FC5B350-2E2A-6C6D-CA72-8672B35C7BAB}.Release|Any CPU.Build.0 = Release|Any CPU
		{01FCF71F-5FE5-EC60-D7C2-E44C8E602B20}.Debug|Any CPU.ActiveCfg = Debug|Any CPU
		{01FCF71F-5FE5-EC60-D7C2-E44C8E602B20}.Debug|Any CPU.Build.0 = Debug|Any CPU
		{01FCF71F-5FE5-EC60-D7C2-E44C8E602B20}.Release|Any CPU.ActiveCfg = Release|Any CPU
		{01FCF71F-5FE5-EC60-D7C2-E44C8E602B20}.Release|Any CPU.Build.0 = Release|Any CPU
	EndGlobalSection
	GlobalSection(SolutionProperties) = preSolution
		HideSolutionNode = FALSE
	EndGlobalSection
EndGlobal
